{
  "version": 4,
  "terraform_version": "1.5.7",
  "serial": 144,
  "lineage": "c6ec3ee4-e892-323d-3c7e-6d5f68fcc582",
  "outputs": {
    "instance": {
      "value": "i-02782e9d814724312",
      "type": "string"
    },
    "ip": {
      "value": "52.197.15.17",
      "type": "string"
    }
  },
  "resources": [
    {
      "mode": "data",
      "type": "aws_ssm_parameter",
      "name": "amzn2_ami",
      "provider": "provider[\"registry.terraform.io/hashicorp/aws\"]",
      "instances": [
        {
          "schema_version": 0,
          "attributes": {
            "arn": "arn:aws:ssm:ap-northeast-1::parameter/aws/service/ami-amazon-linux-latest/amzn2-ami-hvm-x86_64-gp2",
            "id": "/aws/service/ami-amazon-linux-latest/amzn2-ami-hvm-x86_64-gp2",
            "insecure_value": "ami-0e3ceefc9a200a838",
            "name": "/aws/service/ami-amazon-linux-latest/amzn2-ami-hvm-x86_64-gp2",
            "type": "String",
            "value": "ami-0e3ceefc9a200a838",
            "version": 97,
            "with_decryption": true
          },
          "sensitive_attributes": []
        }
      ]
    },
    {
      "mode": "data",
      "type": "terraform_remote_state",
      "name": "iam",
      "provider": "provider[\"terraform.io/builtin/terraform\"]",
      "instances": [
        {
          "schema_version": 0,
          "attributes": {
            "backend": "local",
            "config": {
              "value": {
                "path": "../iam/terraform.tfstate"
              },
              "type": [
                "object",
                {
                  "path": "string"
                }
              ]
            },
            "defaults": null,
            "outputs": {
              "value": {
                "java_server_profile_name": "java_server_profile"
              },
              "type": [
                "object",
                {
                  "java_server_profile_name": "string"
                }
              ]
            },
            "workspace": null
          },
          "sensitive_attributes": []
        }
      ]
    },
    {
      "mode": "data",
      "type": "terraform_remote_state",
      "name": "vpc",
      "provider": "provider[\"terraform.io/builtin/terraform\"]",
      "instances": [
        {
          "schema_version": 0,
          "attributes": {
            "backend": "local",
            "config": {
              "value": {
                "path": "../vpc/terraform.tfstate"
              },
              "type": [
                "object",
                {
                  "path": "string"
                }
              ]
            },
            "defaults": null,
            "outputs": {
              "value": {
                "vpc_default_security_group": "sg-0b238755c88a0039b",
                "vpc_id": "vpc-00e6f20d52acdd341",
                "vpc_public_subnet": "subnet-0702f7ea7ce78be80"
              },
              "type": [
                "object",
                {
                  "vpc_default_security_group": "string",
                  "vpc_id": "string",
                  "vpc_public_subnet": "string"
                }
              ]
            },
            "workspace": null
          },
          "sensitive_attributes": []
        }
      ]
    },
    {
      "mode": "managed",
      "type": "aws_ebs_volume",
      "name": "minecraft_java_data",
      "provider": "provider[\"registry.terraform.io/hashicorp/aws\"]",
      "instances": [
        {
          "schema_version": 0,
          "attributes": {
            "arn": "arn:aws:ec2:ap-northeast-1:111990515695:volume/vol-09700dfa63d9e0194",
            "availability_zone": "ap-northeast-1a",
            "encrypted": false,
            "final_snapshot": false,
            "id": "vol-09700dfa63d9e0194",
            "iops": 100,
            "kms_key_id": "",
            "multi_attach_enabled": false,
            "outpost_arn": "",
            "size": 8,
            "snapshot_id": "",
            "tags": {
              "Name": "minecraft_java_data"
            },
            "tags_all": {
              "Name": "minecraft_java_data"
            },
            "throughput": 0,
            "timeouts": null,
            "type": "gp2"
          },
          "sensitive_attributes": [],
          "private": "eyJlMmJmYjczMC1lY2FhLTExZTYtOGY4OC0zNDM2M2JjN2M0YzAiOnsiY3JlYXRlIjozMDAwMDAwMDAwMDAsImRlbGV0ZSI6MzAwMDAwMDAwMDAwLCJ1cGRhdGUiOjMwMDAwMDAwMDAwMH19"
        }
      ]
    },
    {
      "mode": "managed",
      "type": "aws_eip",
      "name": "minecraft_java",
      "provider": "provider[\"registry.terraform.io/hashicorp/aws\"]",
      "instances": [
        {
          "schema_version": 0,
          "attributes": {
            "address": null,
            "allocation_id": "eipalloc-0298bbedea57214a2",
            "associate_with_private_ip": null,
            "association_id": "eipassoc-0aa3bba9dda1ed71b",
            "carrier_ip": "",
            "customer_owned_ip": "",
            "customer_owned_ipv4_pool": "",
            "domain": "vpc",
            "id": "eipalloc-0298bbedea57214a2",
            "instance": "i-02782e9d814724312",
            "network_border_group": "ap-northeast-1",
            "network_interface": "eni-03d962267fc25a99a",
            "private_dns": "ip-10-0-101-148.ap-northeast-1.compute.internal",
            "private_ip": "10.0.101.148",
            "public_dns": "ec2-52-197-15-17.ap-northeast-1.compute.amazonaws.com",
            "public_ip": "52.197.15.17",
            "public_ipv4_pool": "amazon",
            "tags": {
              "Name": "minecraft_java"
            },
            "tags_all": {
              "Name": "minecraft_java"
            },
            "timeouts": null,
            "vpc": true
          },
          "sensitive_attributes": [],
          "private": "eyJlMmJmYjczMC1lY2FhLTExZTYtOGY4OC0zNDM2M2JjN2M0YzAiOnsiZGVsZXRlIjoxODAwMDAwMDAwMDAsInJlYWQiOjkwMDAwMDAwMDAwMCwidXBkYXRlIjozMDAwMDAwMDAwMDB9fQ==",
          "dependencies": [
            "aws_instance.minecraft_java",
            "aws_security_group.sg_java",
            "data.aws_ssm_parameter.amzn2_ami",
            "data.terraform_remote_state.iam",
            "data.terraform_remote_state.vpc"
          ]
        }
      ]
    },
    {
      "mode": "managed",
      "type": "aws_instance",
      "name": "minecraft_java",
      "provider": "provider[\"registry.terraform.io/hashicorp/aws\"]",
      "instances": [
        {
          "schema_version": 1,
          "attributes": {
            "ami": "ami-0e3ceefc9a200a838",
            "arn": "arn:aws:ec2:ap-northeast-1:111990515695:instance/i-02782e9d814724312",
            "associate_public_ip_address": true,
            "availability_zone": "ap-northeast-1a",
            "capacity_reservation_specification": [
              {
                "capacity_reservation_preference": "open",
                "capacity_reservation_target": []
              }
            ],
            "cpu_core_count": 1,
            "cpu_options": [
              {
                "amd_sev_snp": "",
                "core_count": 1,
                "threads_per_core": 1
              }
            ],
            "cpu_threads_per_core": 1,
            "credit_specification": [
              {
                "cpu_credits": "standard"
              }
            ],
            "disable_api_stop": false,
            "disable_api_termination": false,
            "ebs_block_device": [],
            "ebs_optimized": false,
            "enclave_options": [
              {
                "enabled": false
              }
            ],
            "ephemeral_block_device": [],
            "get_password_data": false,
            "hibernation": false,
            "host_id": "",
            "host_resource_group_arn": null,
            "iam_instance_profile": "java_server_profile",
            "id": "i-02782e9d814724312",
            "instance_initiated_shutdown_behavior": "stop",
            "instance_lifecycle": "",
            "instance_market_options": [],
            "instance_state": "running",
            "instance_type": "t2.micro",
            "ipv6_address_count": 0,
            "ipv6_addresses": [],
            "key_name": "",
            "launch_template": [],
            "maintenance_options": [
              {
                "auto_recovery": "default"
              }
            ],
            "metadata_options": [
              {
                "http_endpoint": "enabled",
                "http_protocol_ipv6": "disabled",
                "http_put_response_hop_limit": 1,
                "http_tokens": "optional",
                "instance_metadata_tags": "disabled"
              }
            ],
            "monitoring": false,
            "network_interface": [],
            "outpost_arn": "",
            "password_data": "",
            "placement_group": "",
            "placement_partition_number": 0,
            "primary_network_interface_id": "eni-03d962267fc25a99a",
            "private_dns": "ip-10-0-101-148.ap-northeast-1.compute.internal",
            "private_dns_name_options": [
              {
                "enable_resource_name_dns_a_record": false,
                "enable_resource_name_dns_aaaa_record": false,
                "hostname_type": "ip-name"
              }
            ],
            "private_ip": "10.0.101.148",
            "public_dns": "ec2-3-112-150-177.ap-northeast-1.compute.amazonaws.com",
            "public_ip": "3.112.150.177",
            "root_block_device": [
              {
                "delete_on_termination": true,
                "device_name": "/dev/xvda",
                "encrypted": false,
                "iops": 100,
                "kms_key_id": "",
                "tags": {},
                "throughput": 0,
                "volume_id": "vol-022c8c08065964939",
                "volume_size": 8,
                "volume_type": "gp2"
              }
            ],
            "secondary_private_ips": [],
            "security_groups": [],
            "source_dest_check": true,
            "spot_instance_request_id": "",
            "subnet_id": "subnet-0702f7ea7ce78be80",
            "tags": {
              "Name": "minecraft_java"
            },
            "tags_all": {
              "Name": "minecraft_java"
            },
            "tenancy": "default",
            "timeouts": null,
            "user_data": null,
            "user_data_base64": null,
            "user_data_replace_on_change": false,
            "volume_tags": null,
            "vpc_security_group_ids": [
              "sg-00f6bd1d075bb8ac0"
            ]
          },
          "sensitive_attributes": [
            [
              {
                "type": "get_attr",
                "value": "ami"
              }
            ]
          ],
          "private": "eyJlMmJmYjczMC1lY2FhLTExZTYtOGY4OC0zNDM2M2JjN2M0YzAiOnsiY3JlYXRlIjo2MDAwMDAwMDAwMDAsImRlbGV0ZSI6MTIwMDAwMDAwMDAwMCwidXBkYXRlIjo2MDAwMDAwMDAwMDB9LCJzY2hlbWFfdmVyc2lvbiI6IjEifQ==",
          "dependencies": [
            "aws_security_group.sg_java",
            "data.aws_ssm_parameter.amzn2_ami",
            "data.terraform_remote_state.iam",
            "data.terraform_remote_state.vpc"
          ]
        }
      ]
    },
    {
      "mode": "managed",
      "type": "aws_security_group",
      "name": "sg_java",
      "provider": "provider[\"registry.terraform.io/hashicorp/aws\"]",
      "instances": [
        {
          "schema_version": 1,
          "attributes": {
            "arn": "arn:aws:ec2:ap-northeast-1:111990515695:security-group/sg-00f6bd1d075bb8ac0",
            "description": "Managed by Terraform",
            "egress": [],
            "id": "sg-00f6bd1d075bb8ac0",
            "ingress": [],
            "name": "minecraft_sg_java",
            "name_prefix": "",
            "owner_id": "111990515695",
            "revoke_rules_on_delete": false,
            "tags": null,
            "tags_all": {},
            "timeouts": null,
            "vpc_id": "vpc-00e6f20d52acdd341"
          },
          "sensitive_attributes": [],
          "private": "eyJlMmJmYjczMC1lY2FhLTExZTYtOGY4OC0zNDM2M2JjN2M0YzAiOnsiY3JlYXRlIjo2MDAwMDAwMDAwMDAsImRlbGV0ZSI6OTAwMDAwMDAwMDAwfSwic2NoZW1hX3ZlcnNpb24iOiIxIn0=",
          "dependencies": [
            "data.terraform_remote_state.vpc"
          ]
        }
      ]
    },
    {
      "mode": "managed",
      "type": "aws_volume_attachment",
      "name": "minecraft_java_data",
      "provider": "provider[\"registry.terraform.io/hashicorp/aws\"]",
      "instances": [
        {
          "schema_version": 0,
          "attributes": {
            "device_name": "/dev/sdh",
            "force_detach": null,
            "id": "vai-306787981",
            "instance_id": "i-02782e9d814724312",
            "skip_destroy": null,
            "stop_instance_before_detaching": null,
            "timeouts": null,
            "volume_id": "vol-09700dfa63d9e0194"
          },
          "sensitive_attributes": [],
          "private": "eyJlMmJmYjczMC1lY2FhLTExZTYtOGY4OC0zNDM2M2JjN2M0YzAiOnsiY3JlYXRlIjozMDAwMDAwMDAwMDAsImRlbGV0ZSI6MzAwMDAwMDAwMDAwfX0=",
          "dependencies": [
            "aws_ebs_volume.minecraft_java_data",
            "aws_instance.minecraft_java",
            "aws_security_group.sg_java",
            "data.aws_ssm_parameter.amzn2_ami",
            "data.terraform_remote_state.iam",
            "data.terraform_remote_state.vpc"
          ]
        }
      ]
    },
    {
      "mode": "managed",
      "type": "aws_vpc_security_group_egress_rule",
      "name": "allow_egress_all",
      "provider": "provider[\"registry.terraform.io/hashicorp/aws\"]",
      "instances": [
        {
          "schema_version": 0,
          "attributes": {
            "arn": "arn:aws:ec2:ap-northeast-1:111990515695:security-group-rule/sgr-0e466caa517721c85",
            "cidr_ipv4": "0.0.0.0/0",
            "cidr_ipv6": null,
            "description": null,
            "from_port": null,
            "id": "sgr-0e466caa517721c85",
            "ip_protocol": "-1",
            "prefix_list_id": null,
            "referenced_security_group_id": null,
            "security_group_id": "sg-00f6bd1d075bb8ac0",
            "security_group_rule_id": "sgr-0e466caa517721c85",
            "tags": {
              "Name": "minecraft_sg_allow_egress_all"
            },
            "tags_all": {
              "Name": "minecraft_sg_allow_egress_all"
            },
            "to_port": null
          },
          "sensitive_attributes": [],
          "dependencies": [
            "aws_security_group.sg_java",
            "data.terraform_remote_state.vpc"
          ]
        }
      ]
    },
    {
      "mode": "managed",
      "type": "aws_vpc_security_group_ingress_rule",
      "name": "allow_internal_session",
      "provider": "provider[\"registry.terraform.io/hashicorp/aws\"]",
      "instances": [
        {
          "schema_version": 0,
          "attributes": {
            "arn": "arn:aws:ec2:ap-northeast-1:111990515695:security-group-rule/sgr-0b3b134f4d9f6e7ca",
            "cidr_ipv4": null,
            "cidr_ipv6": null,
            "description": null,
            "from_port": null,
            "id": "sgr-0b3b134f4d9f6e7ca",
            "ip_protocol": "-1",
            "prefix_list_id": null,
            "referenced_security_group_id": "sg-0b238755c88a0039b",
            "security_group_id": "sg-00f6bd1d075bb8ac0",
            "security_group_rule_id": "sgr-0b3b134f4d9f6e7ca",
            "tags": {
              "Name": "minecraft_sg_allow_java_client_ingress"
            },
            "tags_all": {
              "Name": "minecraft_sg_allow_java_client_ingress"
            },
            "to_port": null
          },
          "sensitive_attributes": [],
          "dependencies": [
            "aws_security_group.sg_java",
            "data.terraform_remote_state.vpc"
          ]
        }
      ]
    },
    {
      "mode": "managed",
      "type": "aws_vpc_security_group_ingress_rule",
      "name": "allow_java_client",
      "provider": "provider[\"registry.terraform.io/hashicorp/aws\"]",
      "instances": [
        {
          "schema_version": 0,
          "attributes": {
            "arn": "arn:aws:ec2:ap-northeast-1:111990515695:security-group-rule/sgr-089ae0f0436a37046",
            "cidr_ipv4": "0.0.0.0/0",
            "cidr_ipv6": null,
            "description": null,
            "from_port": 25565,
            "id": "sgr-089ae0f0436a37046",
            "ip_protocol": "tcp",
            "prefix_list_id": null,
            "referenced_security_group_id": null,
            "security_group_id": "sg-00f6bd1d075bb8ac0",
            "security_group_rule_id": "sgr-089ae0f0436a37046",
            "tags": {
              "Name": "minecraft_sg_allow_java_client_ingress"
            },
            "tags_all": {
              "Name": "minecraft_sg_allow_java_client_ingress"
            },
            "to_port": 25565
          },
          "sensitive_attributes": [],
          "dependencies": [
            "aws_security_group.sg_java",
            "data.terraform_remote_state.vpc"
          ]
        }
      ]
    }
  ],
  "check_results": null
}
